
Microsoft Visual Studio Solution File, Format Version 12.00
# Visual Studio 15
VisualStudioVersion = 15.0.28010.2048
MinimumVisualStudioVersion = 10.0.40219.1
Project("{FAE04EC0-301F-11D3-BF4B-00C04F79EFBC}") = "HomeTask.Inheritance", "HomeTask.Inheritance\HomeTask.Inheritance.csproj", "{253DA7FE-DD8B-444C-9E51-F92F464D27A1}"
EndProject
Global
	GlobalSection(SolutionConfigurationPlatforms) = preSolution
		Debug|Any CPU = Debug|Any CPU
		Release|Any CPU = Release|Any CPU
	EndGlobalSection
	GlobalSection(ProjectConfigurationPlatforms) = postSolution
		{253DA7FE-DD8B-444C-9E51-F92F464D27A1}.Debug|Any CPU.ActiveCfg = Debug|Any CPU
		{253DA7FE-DD8B-444C-9E51-F92F464D27A1}.Debug|Any CPU.Build.0 = Debug|Any CPU
		{253DA7FE-DD8B-444C-9E51-F92F464D27A1}.Release|Any CPU.ActiveCfg = Release|Any CPU
		{253DA7FE-DD8B-444C-9E51-F92F464D27A1}.Release|Any CPU.Build.0 = Release|Any CPU
	EndGlobalSection
	GlobalSection(SolutionProperties) = preSolution
		HideSolutionNode = FALSE
	EndGlobalSection
	GlobalSection(ExtensibilityGlobals) = postSolution
		SolutionGuid = {658489C5-3C32-449E-8429-D262D0A463A6}
	EndGlobalSection
EndGlobal
